{
  "version": 4,
  "terraform_version": "1.1.7",
  "serial": 9,
  "lineage": "befd74b6-7e0e-5a52-b94a-f7096ca99d9a",
  "outputs": {},
  "resources": [
    {
      "mode": "managed",
      "type": "linode_instance",
      "name": "my_honeypot_linode-1",
      "provider": "provider[\"registry.terraform.io/linode/linode\"]",
      "instances": [
        {
          "schema_version": 0,
          "attributes": {
            "alerts": [
              {
                "cpu": 90,
                "io": 10000,
                "network_in": 10,
                "network_out": 10,
                "transfer_quota": 80
              }
            ],
            "authorized_keys": null,
            "authorized_users": null,
            "backup_id": null,
            "backups": [
              {
                "enabled": false,
                "schedule": [
                  {
                    "day": "",
                    "window": ""
                  }
                ]
              }
            ],
            "backups_enabled": null,
            "boot_config_label": "My Debian 10 Profile",
            "config": [
              {
                "comments": "",
                "devices": [
                  {
                    "sda": [
                      {
                        "disk_id": 72178847,
                        "disk_label": "Debian 10 Disk",
                        "volume_id": 0
                      }
                    ],
                    "sdb": [
                      {
                        "disk_id": 72178848,
                        "disk_label": "512 MB Swap Image",
                        "volume_id": 0
                      }
                    ],
                    "sdc": [],
                    "sdd": [],
                    "sde": [],
                    "sdf": [],
                    "sdg": [],
                    "sdh": []
                  }
                ],
                "helpers": [
                  {
                    "devtmpfs_automount": true,
                    "distro": true,
                    "modules_dep": true,
                    "network": true,
                    "updatedb_disabled": true
                  }
                ],
                "kernel": "linode/grub2",
                "label": "My Debian 10 Profile",
                "memory_limit": 0,
                "root_device": "/dev/sda",
                "run_level": "default",
                "virt_mode": "paravirt"
              }
            ],
            "disk": [
              {
                "authorized_keys": [],
                "authorized_users": [],
                "filesystem": "ext4",
                "id": 72178847,
                "image": "",
                "label": "Debian 10 Disk",
                "read_only": false,
                "root_pass": "",
                "size": 25088,
                "stackscript_data": {},
                "stackscript_id": 0
              },
              {
                "authorized_keys": [],
                "authorized_users": [],
                "filesystem": "swap",
                "id": 72178848,
                "image": "",
                "label": "512 MB Swap Image",
                "read_only": false,
                "root_pass": "",
                "size": 512,
                "stackscript_data": {},
                "stackscript_id": 0
              }
            ],
            "group": "",
            "id": "35905943",
            "image": "linode/debian10",
            "ip_address": "172.105.38.139",
            "ipv4": [
              "172.105.38.139"
            ],
            "ipv6": "2400:8904::f03c:93ff:fe16:a4cd/128",
            "label": "blackdog9",
            "private_ip": false,
            "private_ip_address": null,
            "region": "ap-west",
            "root_pass": "Pqbk8ho3xJK/rQaomMrECWHmVkg7lSGjc7RFhIjETz3yeoIFIHocfA3XNWdH15ns7W5XtsPiyMlUoWHq6qluXg==",
            "specs": [
              {
                "disk": 25600,
                "memory": 1024,
                "transfer": 1000,
                "vcpus": 1
              }
            ],
            "stackscript_data": {
              "disable_root": "No",
              "dockerfile": "https://raw.githubusercontent.com/ChrisDemahy/CODE_MC/main/HoneyPots/setup.sh",
              "domain": "cloud.chrisdemahy.com",
              "password": "",
              "pubkey": "",
              "runcmd": "touch setup.log \u0026\u0026 bash setup.sh \u003e setup.log",
              "soa_email_address": "mostinterestingspace@gmail.com",
              "subdomain": "blackdog9.cloud.chrisdemahy.com",
              "token_password": "ac6bac26d019826709586ec3a393f67ef078b96e941d5de657be1305cf348d19",
              "username": "ubuntu"
            },
            "stackscript_id": 607433,
            "status": "running",
            "swap_size": 512,
            "tags": [
              "blackdog",
              "terraform"
            ],
            "timeouts": null,
            "type": "g6-nanode-1",
            "watchdog_enabled": true
          },
          "sensitive_attributes": [],
          "private": "eyJlMmJmYjczMC1lY2FhLTExZTYtOGY4OC0zNDM2M2JjN2M0YzAiOnsiY3JlYXRlIjo2MDAwMDAwMDAwMDAsImRlbGV0ZSI6NjAwMDAwMDAwMDAwLCJ1cGRhdGUiOjEyMDAwMDAwMDAwMDB9fQ==",
          "dependencies": [
            "random_string.my_honeypot_linode_root_password"
          ]
        }
      ]
    },
    {
      "mode": "managed",
      "type": "linode_instance",
      "name": "my_honeypot_linode-2",
      "provider": "provider[\"registry.terraform.io/linode/linode\"]",
      "instances": [
        {
          "schema_version": 0,
          "attributes": {
            "alerts": [
              {
                "cpu": 90,
                "io": 10000,
                "network_in": 10,
                "network_out": 10,
                "transfer_quota": 80
              }
            ],
            "authorized_keys": [],
            "authorized_users": null,
            "backup_id": null,
            "backups": [
              {
                "enabled": false,
                "schedule": [
                  {
                    "day": "",
                    "window": ""
                  }
                ]
              }
            ],
            "backups_enabled": null,
            "boot_config_label": "My Debian 10 Profile",
            "config": [
              {
                "comments": "",
                "devices": [
                  {
                    "sda": [
                      {
                        "disk_id": 72178845,
                        "disk_label": "Debian 10 Disk",
                        "volume_id": 0
                      }
                    ],
                    "sdb": [
                      {
                        "disk_id": 72178846,
                        "disk_label": "512 MB Swap Image",
                        "volume_id": 0
                      }
                    ],
                    "sdc": [],
                    "sdd": [],
                    "sde": [],
                    "sdf": [],
                    "sdg": [],
                    "sdh": []
                  }
                ],
                "helpers": [
                  {
                    "devtmpfs_automount": true,
                    "distro": true,
                    "modules_dep": true,
                    "network": true,
                    "updatedb_disabled": true
                  }
                ],
                "kernel": "linode/grub2",
                "label": "My Debian 10 Profile",
                "memory_limit": 0,
                "root_device": "/dev/sda",
                "run_level": "default",
                "virt_mode": "paravirt"
              }
            ],
            "disk": [
              {
                "authorized_keys": [],
                "authorized_users": [],
                "filesystem": "ext4",
                "id": 72178845,
                "image": "",
                "label": "Debian 10 Disk",
                "read_only": false,
                "root_pass": "",
                "size": 25088,
                "stackscript_data": {},
                "stackscript_id": 0
              },
              {
                "authorized_keys": [],
                "authorized_users": [],
                "filesystem": "swap",
                "id": 72178846,
                "image": "",
                "label": "512 MB Swap Image",
                "read_only": false,
                "root_pass": "",
                "size": 512,
                "stackscript_data": {},
                "stackscript_id": 0
              }
            ],
            "group": "",
            "id": "35905942",
            "image": "linode/debian10",
            "ip_address": "45.79.125.7",
            "ipv4": [
              "45.79.125.7"
            ],
            "ipv6": "2400:8904::f03c:93ff:fe16:a4fe/128",
            "label": "blackdog10",
            "private_ip": false,
            "private_ip_address": null,
            "region": "ap-west",
            "root_pass": "Pqbk8ho3xJK/rQaomMrECWHmVkg7lSGjc7RFhIjETz3yeoIFIHocfA3XNWdH15ns7W5XtsPiyMlUoWHq6qluXg==",
            "specs": [
              {
                "disk": 25600,
                "memory": 1024,
                "transfer": 1000,
                "vcpus": 1
              }
            ],
            "stackscript_data": {
              "disable_root": "No",
              "dockerfile": "https://raw.githubusercontent.com/ChrisDemahy/CODE_MC/main/HoneyPots/setup.sh",
              "domain": "cloud.chrisdemahy.com",
              "password": "",
              "pubkey": "",
              "runcmd": "touch setup.log \u0026\u0026 bash setup.sh \u003e setup.log",
              "soa_email_address": "mostinterestingspace@gmail.com",
              "subdomain": "blackdog10.cloud.chrisdemahy.com",
              "token_password": "ac6bac26d019826709586ec3a393f67ef078b96e941d5de657be1305cf348d19",
              "username": "ubuntu"
            },
            "stackscript_id": 607433,
            "status": "running",
            "swap_size": 512,
            "tags": [
              "blackdog",
              "terraform"
            ],
            "timeouts": null,
            "type": "g6-nanode-1",
            "watchdog_enabled": true
          },
          "sensitive_attributes": [],
          "private": "eyJlMmJmYjczMC1lY2FhLTExZTYtOGY4OC0zNDM2M2JjN2M0YzAiOnsiY3JlYXRlIjo2MDAwMDAwMDAwMDAsImRlbGV0ZSI6NjAwMDAwMDAwMDAwLCJ1cGRhdGUiOjEyMDAwMDAwMDAwMDB9fQ==",
          "dependencies": [
            "random_string.my_honeypot_linode_root_password"
          ]
        }
      ]
    },
    {
      "mode": "managed",
      "type": "linode_instance",
      "name": "my_honeypot_linode-3",
      "provider": "provider[\"registry.terraform.io/linode/linode\"]",
      "instances": [
        {
          "schema_version": 0,
          "attributes": {
            "alerts": [
              {
                "cpu": 90,
                "io": 10000,
                "network_in": 10,
                "network_out": 10,
                "transfer_quota": 80
              }
            ],
            "authorized_keys": null,
            "authorized_users": null,
            "backup_id": null,
            "backups": [
              {
                "enabled": false,
                "schedule": [
                  {
                    "day": "",
                    "window": ""
                  }
                ]
              }
            ],
            "backups_enabled": null,
            "boot_config_label": "My Debian 10 Profile",
            "config": [
              {
                "comments": "",
                "devices": [
                  {
                    "sda": [
                      {
                        "disk_id": 72178849,
                        "disk_label": "Debian 10 Disk",
                        "volume_id": 0
                      }
                    ],
                    "sdb": [
                      {
                        "disk_id": 72178850,
                        "disk_label": "512 MB Swap Image",
                        "volume_id": 0
                      }
                    ],
                    "sdc": [],
                    "sdd": [],
                    "sde": [],
                    "sdf": [],
                    "sdg": [],
                    "sdh": []
                  }
                ],
                "helpers": [
                  {
                    "devtmpfs_automount": true,
                    "distro": true,
                    "modules_dep": true,
                    "network": true,
                    "updatedb_disabled": true
                  }
                ],
                "kernel": "linode/grub2",
                "label": "My Debian 10 Profile",
                "memory_limit": 0,
                "root_device": "/dev/sda",
                "run_level": "default",
                "virt_mode": "paravirt"
              }
            ],
            "disk": [
              {
                "authorized_keys": [],
                "authorized_users": [],
                "filesystem": "ext4",
                "id": 72178849,
                "image": "",
                "label": "Debian 10 Disk",
                "read_only": false,
                "root_pass": "",
                "size": 25088,
                "stackscript_data": {},
                "stackscript_id": 0
              },
              {
                "authorized_keys": [],
                "authorized_users": [],
                "filesystem": "swap",
                "id": 72178850,
                "image": "",
                "label": "512 MB Swap Image",
                "read_only": false,
                "root_pass": "",
                "size": 512,
                "stackscript_data": {},
                "stackscript_id": 0
              }
            ],
            "group": "",
            "id": "35905945",
            "image": "linode/debian10",
            "ip_address": "45.79.125.130",
            "ipv4": [
              "45.79.125.130"
            ],
            "ipv6": "2400:8904::f03c:93ff:fe16:a4d6/128",
            "label": "blackdog11",
            "private_ip": false,
            "private_ip_address": null,
            "region": "ap-west",
            "root_pass": "Pqbk8ho3xJK/rQaomMrECWHmVkg7lSGjc7RFhIjETz3yeoIFIHocfA3XNWdH15ns7W5XtsPiyMlUoWHq6qluXg==",
            "specs": [
              {
                "disk": 25600,
                "memory": 1024,
                "transfer": 1000,
                "vcpus": 1
              }
            ],
            "stackscript_data": {
              "disable_root": "No",
              "dockerfile": "https://raw.githubusercontent.com/ChrisDemahy/CODE_MC/main/HoneyPots/setup.sh",
              "domain": "cloud.chrisdemahy.com",
              "password": "",
              "pubkey": "",
              "runcmd": "touch setup.log \u0026\u0026 bash setup.sh \u003e setup.log",
              "soa_email_address": "mostinterestingspace@gmail.com",
              "subdomain": "blackdog11.cloud.chrisdemahy.com",
              "token_password": "ac6bac26d019826709586ec3a393f67ef078b96e941d5de657be1305cf348d19",
              "username": "ubuntu"
            },
            "stackscript_id": 607433,
            "status": "running",
            "swap_size": 512,
            "tags": [
              "blackdog",
              "terraform"
            ],
            "timeouts": null,
            "type": "g6-nanode-1",
            "watchdog_enabled": true
          },
          "sensitive_attributes": [],
          "private": "eyJlMmJmYjczMC1lY2FhLTExZTYtOGY4OC0zNDM2M2JjN2M0YzAiOnsiY3JlYXRlIjo2MDAwMDAwMDAwMDAsImRlbGV0ZSI6NjAwMDAwMDAwMDAwLCJ1cGRhdGUiOjEyMDAwMDAwMDAwMDB9fQ==",
          "dependencies": [
            "random_string.my_honeypot_linode_root_password"
          ]
        }
      ]
    },
    {
      "mode": "managed",
      "type": "random_string",
      "name": "my_honeypot_linode_root_password",
      "provider": "provider[\"registry.terraform.io/hashicorp/random\"]",
      "instances": [
        {
          "schema_version": 1,
          "attributes": {
            "id": "8%cupv+gZ9h#8PYMOO\u0026oqMDbq=usWaQb",
            "keepers": null,
            "length": 32,
            "lower": true,
            "min_lower": 0,
            "min_numeric": 0,
            "min_special": 0,
            "min_upper": 0,
            "number": true,
            "override_special": null,
            "result": "8%cupv+gZ9h#8PYMOO\u0026oqMDbq=usWaQb",
            "special": true,
            "upper": true
          },
          "sensitive_attributes": [],
          "private": "eyJzY2hlbWFfdmVyc2lvbiI6IjEifQ=="
        }
      ]
    }
  ]
}
